// !$*UTF8*$!
{
	archiveVersion = 1;
	classes = {
	};
	objectVersion = 46;
	objects = {

/* Begin PBXBuildFile section */
		448F30F71EDED3C600FD2F45 /* main.m in Sources */ = {isa = PBXBuildFile; fileRef = 448F30F61EDED3C600FD2F45 /* main.m */; };
		448F30FA1EDED3C600FD2F45 /* AppDelegate.m in Sources */ = {isa = PBXBuildFile; fileRef = 448F30F91EDED3C600FD2F45 /* AppDelegate.m */; };
		448F30FD1EDED3C600FD2F45 /* ViewController.m in Sources */ = {isa = PBXBuildFile; fileRef = 448F30FC1EDED3C600FD2F45 /* ViewController.m */; };
		448F31001EDED3C600FD2F45 /* Main.storyboard in Resources */ = {isa = PBXBuildFile; fileRef = 448F30FE1EDED3C600FD2F45 /* Main.storyboard */; };
		448F31021EDED3C600FD2F45 /* Assets.xcassets in Resources */ = {isa = PBXBuildFile; fileRef = 448F31011EDED3C600FD2F45 /* Assets.xcassets */; };
		448F31051EDED3C600FD2F45 /* LaunchScreen.storyboard in Resources */ = {isa = PBXBuildFile; fileRef = 448F31031EDED3C600FD2F45 /* LaunchScreen.storyboard */; };
		448F31101EDED41000FD2F45 /* testview.m in Sources */ = {isa = PBXBuildFile; fileRef = 448F310F1EDED41000FD2F45 /* testview.m */; };
		448F92E01F8F6AE40020C6C9 /* QTimeLine.m in Sources */ = {isa = PBXBuildFile; fileRef = 448F92D61F8F6AE30020C6C9 /* QTimeLine.m */; };
		448F92E11F8F6AE40020C6C9 /* QTimeLineDate.m in Sources */ = {isa = PBXBuildFile; fileRef = 448F92D71F8F6AE30020C6C9 /* QTimeLineDate.m */; };
		448F92E21F8F6AE40020C6C9 /* QTimeLineMask.m in Sources */ = {isa = PBXBuildFile; fileRef = 448F92D81F8F6AE30020C6C9 /* QTimeLineMask.m */; };
		448F92E31F8F6AE40020C6C9 /* QTimeLineContent.m in Sources */ = {isa = PBXBuildFile; fileRef = 448F92DA1F8F6AE30020C6C9 /* QTimeLineContent.m */; };
		448F92E41F8F6AE40020C6C9 /* UIView+Extension.m in Sources */ = {isa = PBXBuildFile; fileRef = 448F92DF1F8F6AE40020C6C9 /* UIView+Extension.m */; };
/* End PBXBuildFile section */

/* Begin PBXFileReference section */
		448F30F21EDED3C600FD2F45 /* testprocess.app */ = {isa = PBXFileReference; explicitFileType = wrapper.application; includeInIndex = 0; path = testprocess.app; sourceTree = BUILT_PRODUCTS_DIR; };
		448F30F61EDED3C600FD2F45 /* main.m */ = {isa = PBXFileReference; lastKnownFileType = sourcecode.c.objc; path = main.m; sourceTree = "<group>"; };
		448F30F81EDED3C600FD2F45 /* AppDelegate.h */ = {isa = PBXFileReference; lastKnownFileType = sourcecode.c.h; path = AppDelegate.h; sourceTree = "<group>"; };
		448F30F91EDED3C600FD2F45 /* AppDelegate.m */ = {isa = PBXFileReference; lastKnownFileType = sourcecode.c.objc; path = AppDelegate.m; sourceTree = "<group>"; };
		448F30FB1EDED3C600FD2F45 /* ViewController.h */ = {isa = PBXFileReference; lastKnownFileType = sourcecode.c.h; path = ViewController.h; sourceTree = "<group>"; };
		448F30FC1EDED3C600FD2F45 /* ViewController.m */ = {isa = PBXFileReference; lastKnownFileType = sourcecode.c.objc; path = ViewController.m; sourceTree = "<group>"; };
		448F30FF1EDED3C600FD2F45 /* Base */ = {isa = PBXFileReference; lastKnownFileType = file.storyboard; name = Base; path = Base.lproj/Main.storyboard; sourceTree = "<group>"; };
		448F31011EDED3C600FD2F45 /* Assets.xcassets */ = {isa = PBXFileReference; lastKnownFileType = folder.assetcatalog; path = Assets.xcassets; sourceTree = "<group>"; };
		448F31041EDED3C600FD2F45 /* Base */ = {isa = PBXFileReference; lastKnownFileType = file.storyboard; name = Base; path = Base.lproj/LaunchScreen.storyboard; sourceTree = "<group>"; };
		448F31061EDED3C600FD2F45 /* Info.plist */ = {isa = PBXFileReference; lastKnownFileType = text.plist.xml; path = Info.plist; sourceTree = "<group>"; };
		448F310E1EDED41000FD2F45 /* testview.h */ = {isa = PBXFileReference; fileEncoding = 4; lastKnownFileType = sourcecode.c.h; path = testview.h; sourceTree = "<group>"; };
		448F310F1EDED41000FD2F45 /* testview.m */ = {isa = PBXFileReference; fileEncoding = 4; lastKnownFileType = sourcecode.c.objc; path = testview.m; sourceTree = "<group>"; };
		448F92D61F8F6AE30020C6C9 /* QTimeLine.m */ = {isa = PBXFileReference; fileEncoding = 4; lastKnownFileType = sourcecode.c.objc; name = QTimeLine.m; path = QTimeLine/QTimeLine.m; sourceTree = SOURCE_ROOT; };
		448F92D71F8F6AE30020C6C9 /* QTimeLineDate.m */ = {isa = PBXFileReference; fileEncoding = 4; lastKnownFileType = sourcecode.c.objc; name = QTimeLineDate.m; path = QTimeLine/QTimeLineDate.m; sourceTree = SOURCE_ROOT; };
		448F92D81F8F6AE30020C6C9 /* QTimeLineMask.m */ = {isa = PBXFileReference; fileEncoding = 4; lastKnownFileType = sourcecode.c.objc; name = QTimeLineMask.m; path = QTimeLine/QTimeLineMask.m; sourceTree = SOURCE_ROOT; };
		448F92D91F8F6AE30020C6C9 /* QTimeLine.h */ = {isa = PBXFileReference; fileEncoding = 4; lastKnownFileType = sourcecode.c.h; name = QTimeLine.h; path = QTimeLine/QTimeLine.h; sourceTree = SOURCE_ROOT; };
		448F92DA1F8F6AE30020C6C9 /* QTimeLineContent.m */ = {isa = PBXFileReference; fileEncoding = 4; lastKnownFileType = sourcecode.c.objc; name = QTimeLineContent.m; path = QTimeLine/QTimeLineContent.m; sourceTree = SOURCE_ROOT; };
		448F92DB1F8F6AE30020C6C9 /* QTimeLineContent.h */ = {isa = PBXFileReference; fileEncoding = 4; lastKnownFileType = sourcecode.c.h; name = QTimeLineContent.h; path = QTimeLine/QTimeLineContent.h; sourceTree = SOURCE_ROOT; };
		448F92DC1F8F6AE40020C6C9 /* QTimeLineDate.h */ = {isa = PBXFileReference; fileEncoding = 4; lastKnownFileType = sourcecode.c.h; name = QTimeLineDate.h; path = QTimeLine/QTimeLineDate.h; sourceTree = SOURCE_ROOT; };
		448F92DD1F8F6AE40020C6C9 /* QTimeLineMask.h */ = {isa = PBXFileReference; fileEncoding = 4; lastKnownFileType = sourcecode.c.h; name = QTimeLineMask.h; path = QTimeLine/QTimeLineMask.h; sourceTree = SOURCE_ROOT; };
		448F92DE1F8F6AE40020C6C9 /* UIView+Extension.h */ = {isa = PBXFileReference; fileEncoding = 4; lastKnownFileType = sourcecode.c.h; name = "UIView+Extension.h"; path = "QTimeLine/UIView+Extension.h"; sourceTree = SOURCE_ROOT; };
		448F92DF1F8F6AE40020C6C9 /* UIView+Extension.m */ = {isa = PBXFileReference; fileEncoding = 4; lastKnownFileType = sourcecode.c.objc; name = "UIView+Extension.m"; path = "QTimeLine/UIView+Extension.m"; sourceTree = SOURCE_ROOT; };
/* End PBXFileReference section */

/* Begin PBXFrameworksBuildPhase section */
		448F30EF1EDED3C600FD2F45 /* Frameworks */ = {
			isa = PBXFrameworksBuildPhase;
			buildActionMask = 2147483647;
			files = (
			);
			runOnlyForDeploymentPostprocessing = 0;
		};
/* End PBXFrameworksBuildPhase section */

/* Begin PBXGroup section */
		448F30E91EDED3C600FD2F45 = {
			isa = PBXGroup;
			children = (
				448F30F41EDED3C600FD2F45 /* testprocess */,
				448F30F31EDED3C600FD2F45 /* Products */,
			);
			sourceTree = "<group>";
		};
		448F30F31EDED3C600FD2F45 /* Products */ = {
			isa = PBXGroup;
			children = (
				448F30F21EDED3C600FD2F45 /* testprocess.app */,
			);
			name = Products;
			sourceTree = "<group>";
		};
		448F30F41EDED3C600FD2F45 /* testprocess */ = {
			isa = PBXGroup;
			children = (
				448F92D91F8F6AE30020C6C9 /* QTimeLine.h */,
				448F92D61F8F6AE30020C6C9 /* QTimeLine.m */,
				448F92DB1F8F6AE30020C6C9 /* QTimeLineContent.h */,
				448F92DA1F8F6AE30020C6C9 /* QTimeLineContent.m */,
				448F92DC1F8F6AE40020C6C9 /* QTimeLineDate.h */,
				448F92D71F8F6AE30020C6C9 /* QTimeLineDate.m */,
				448F92DD1F8F6AE40020C6C9 /* QTimeLineMask.h */,
				448F92D81F8F6AE30020C6C9 /* QTimeLineMask.m */,
				448F92DE1F8F6AE40020C6C9 /* UIView+Extension.h */,
				448F92DF1F8F6AE40020C6C9 /* UIView+Extension.m */,
				448F30F81EDED3C600FD2F45 /* AppDelegate.h */,
				448F30F91EDED3C600FD2F45 /* AppDelegate.m */,
				448F30FB1EDED3C600FD2F45 /* ViewController.h */,
				448F30FC1EDED3C600FD2F45 /* ViewController.m */,
				448F30FE1EDED3C600FD2F45 /* Main.storyboard */,
				448F31011EDED3C600FD2F45 /* Assets.xcassets */,
				448F31031EDED3C600FD2F45 /* LaunchScreen.storyboard */,
				448F31061EDED3C600FD2F45 /* Info.plist */,
				448F30F51EDED3C600FD2F45 /* Supporting Files */,
				448F310E1EDED41000FD2F45 /* testview.h */,
				448F310F1EDED41000FD2F45 /* testview.m */,
			);
			path = testprocess;
			sourceTree = "<group>";
		};
		448F30F51EDED3C600FD2F45 /* Supporting Files */ = {
			isa = PBXGroup;
			children = (
				448F30F61EDED3C600FD2F45 /* main.m */,
			);
			name = "Supporting Files";
			sourceTree = "<group>";
		};
/* End PBXGroup section */

/* Begin PBXNativeTarget section */
		448F30F11EDED3C600FD2F45 /* testprocess */ = {
			isa = PBXNativeTarget;
			buildConfigurationList = 448F31091EDED3C600FD2F45 /* Build configuration list for PBXNativeTarget "testprocess" */;
			buildPhases = (
				448F30EE1EDED3C600FD2F45 /* Sources */,
				448F30EF1EDED3C600FD2F45 /* Frameworks */,
				448F30F01EDED3C600FD2F45 /* Resources */,
			);
			buildRules = (
			);
			dependencies = (
			);
			name = testprocess;
			productName = testprocess;
			productReference = 448F30F21EDED3C600FD2F45 /* testprocess.app */;
			productType = "com.apple.product-type.application";
		};
/* End PBXNativeTarget section */

/* Begin PBXProject section */
		448F30EA1EDED3C600FD2F45 /* Project object */ = {
			isa = PBXProject;
			attributes = {
				LastUpgradeCheck = 0720;
				ORGANIZATIONNAME = Chin;
				TargetAttributes = {
					448F30F11EDED3C600FD2F45 = {
						CreatedOnToolsVersion = 7.2;
						DevelopmentTeam = 96Z39XL9KU;
					};
				};
			};
			buildConfigurationList = 448F30ED1EDED3C600FD2F45 /* Build configuration list for PBXProject "testprocess" */;
			compatibilityVersion = "Xcode 3.2";
			developmentRegion = English;
			hasScannedForEncodings = 0;
			knownRegions = (
				en,
				Base,
			);
			mainGroup = 448F30E91EDED3C600FD2F45;
			productRefGroup = 448F30F31EDED3C600FD2F45 /* Products */;
			projectDirPath = "";
			projectRoot = "";
			targets = (
				448F30F11EDED3C600FD2F45 /* testprocess */,
			);
		};
/* End PBXProject section */

/* Begin PBXResourcesBuildPhase section */
		448F30F01EDED3C600FD2F45 /* Resources */ = {
			isa = PBXResourcesBuildPhase;
			buildActionMask = 2147483647;
			files = (
				448F31051EDED3C600FD2F45 /* LaunchScreen.storyboard in Resources */,
				448F31021EDED3C600FD2F45 /* Assets.xcassets in Resources */,
				448F31001EDED3C600FD2F45 /* Main.storyboard in Resources */,
			);
			runOnlyForDeploymentPostprocessing = 0;
		};
/* End PBXResourcesBuildPhase section */

/* Begin PBXSourcesBuildPhase section */
		448F30EE1EDED3C600FD2F45 /* Sources */ = {
			isa = PBXSourcesBuildPhase;
			buildActionMask = 2147483647;
			files = (
				448F92E41F8F6AE40020C6C9 /* UIView+Extension.m in Sources */,
				448F92E31F8F6AE40020C6C9 /* QTimeLineContent.m in Sources */,
				448F92E01F8F6AE40020C6C9 /* QTimeLine.m in Sources */,
				448F31101EDED41000FD2F45 /* testview.m in Sources */,
				448F92E21F8F6AE40020C6C9 /* QTimeLineMask.m in Sources */,
				448F30FD1EDED3C600FD2F45 /* ViewController.m in Sources */,
				448F30FA1EDED3C600FD2F45 /* AppDelegate.m in Sources */,
				448F92E11F8F6AE40020C6C9 /* QTimeLineDate.m in Sources */,
				448F30F71EDED3C600FD2F45 /* main.m in Sources */,
			);
			runOnlyForDeploymentPostprocessing = 0;
		};
/* End PBXSourcesBuildPhase section */

/* Begin PBXVariantGroup section */
		448F30FE1EDED3C600FD2F45 /* Main.storyboard */ = {
			isa = PBXVariantGroup;
			children = (
				448F30FF1EDED3C600FD2F45 /* Base */,
			);
			name = Main.storyboard;
			sourceTree = "<group>";
		};
		448F31031EDED3C600FD2F45 /* LaunchScreen.storyboard */ = {
			isa = PBXVariantGroup;
			children = (
				448F31041EDED3C600FD2F45 /* Base */,
			);
			name = LaunchScreen.storyboard;
			sourceTree = "<group>";
		};
/* End PBXVariantGroup section */

/* Begin XCBuildConfiguration section */
		448F31071EDED3C600FD2F45 /* Debug */ = {
			isa = XCBuildConfiguration;
			buildSettings = {
				ALWAYS_SEARCH_USER_PATHS = NO;
				CLANG_CXX_LANGUAGE_STANDARD = "gnu++0x";
				CLANG_CXX_LIBRARY = "libc++";
				CLANG_ENABLE_MODULES = YES;
				CLANG_ENABLE_OBJC_ARC = YES;
				CLANG_WARN_BOOL_CONVERSION = YES;
				CLANG_WARN_CONSTANT_CONVERSION = YES;
				CLANG_WARN_DIRECT_OBJC_ISA_USAGE = YES_ERROR;
				CLANG_WARN_EMPTY_BODY = YES;
				CLANG_WARN_ENUM_CONVERSION = YES;
				CLANG_WARN_INT_CONVERSION = YES;
				CLANG_WARN_OBJC_ROOT_CLASS = YES_ERROR;
				CLANG_WARN_UNREACHABLE_CODE = YES;
				CLANG_WARN__DUPLICATE_METHOD_MATCH = YES;
				"CODE_SIGN_IDENTITY[sdk=iphoneos*]" = "iPhone Developer";
				COPY_PHASE_STRIP = NO;
				DEBUG_INFORMATION_FORMAT = dwarf;
				ENABLE_STRICT_OBJC_MSGSEND = YES;
				ENABLE_TESTABILITY = YES;
				GCC_C_LANGUAGE_STANDARD = gnu99;
				GCC_DYNAMIC_NO_PIC = NO;
				GCC_NO_COMMON_BLOCKS = YES;
				GCC_OPTIMIZATION_LEVEL = 0;
				GCC_PREPROCESSOR_DEFINITIONS = (
					"DEBUG=1",
					"$(inherited)",
				);
				GCC_WARN_64_TO_32_BIT_CONVERSION = YES;
				GCC_WARN_ABOUT_RETURN_TYPE = YES_ERROR;
				GCC_WARN_UNDECLARED_SELECTOR = YES;
				GCC_WARN_UNINITIALIZED_AUTOS = YES_AGGRESSIVE;
				GCC_WARN_UNUSED_FUNCTION = YES;
				GCC_WARN_UNUSED_VARIABLE = YES;
				IPHONEOS_DEPLOYMENT_TARGET = 9.2;
				MTL_ENABLE_DEBUG_INFO = YES;
				ONLY_ACTIVE_ARCH = YES;
				SDKROOT = iphoneos;
			};
			name = Debug;
		};
		448F31081EDED3C600FD2F45 /* Release */ = {
			isa = XCBuildConfiguration;
			buildSettings = {
				ALWAYS_SEARCH_USER_PATHS = NO;
				CLANG_CXX_LANGUAGE_STANDARD = "gnu++0x";
				CLANG_CXX_LIBRARY = "libc++";
				CLANG_ENABLE_MODULES = YES;
				CLANG_ENABLE_OBJC_ARC = YES;
				CLANG_WARN_BOOL_CONVERSION = YES;
				CLANG_WARN_CONSTANT_CONVERSION = YES;
				CLANG_WARN_DIRECT_OBJC_ISA_USAGE = YES_ERROR;
				CLANG_WARN_EMPTY_BODY = YES;
				CLANG_WARN_ENUM_CONVERSION = YES;
				CLANG_WARN_INT_CONVERSION = YES;
				CLANG_WARN_OBJC_ROOT_CLASS = YES_ERROR;
				CLANG_WARN_UNREACHABLE_CODE = YES;
				CLANG_WARN__DUPLICATE_METHOD_MATCH = YES;
				"CODE_SIGN_IDENTITY[sdk=iphoneos*]" = "iPhone Developer";
				COPY_PHASE_STRIP = NO;
				DEBUG_INFORMATION_FORMAT = "dwarf-with-dsym";
				ENABLE_NS_ASSERTIONS = NO;
				ENABLE_STRICT_OBJC_MSGSEND = YES;
				GCC_C_LANGUAGE_STANDARD = gnu99;
				GCC_NO_COMMON_BLOCKS = YES;
				GCC_WARN_64_TO_32_BIT_CONVERSION = YES;
				GCC_WARN_ABOUT_RETURN_TYPE = YES_ERROR;
				GCC_WARN_UNDECLARED_SELECTOR = YES;
				GCC_WARN_UNINITIALIZED_AUTOS = YES_AGGRESSIVE;
				GCC_WARN_UNUSED_FUNCTION = YES;
				GCC_WARN_UNUSED_VARIABLE = YES;
				IPHONEOS_DEPLOYMENT_TARGET = 9.2;
				MTL_ENABLE_DEBUG_INFO = NO;
				SDKROOT = iphoneos;
				VALIDATE_PRODUCT = YES;
			};
			name = Release;
		};
		448F310A1EDED3C600FD2F45 /* Debug */ = {
			isa = XCBuildConfiguration;
			buildSettings = {
				ASSETCATALOG_COMPILER_APPICON_NAME = AppIcon;
				DEVELOPMENT_TEAM = 96Z39XL9KU;
				INFOPLIST_FILE = testprocess/Info.plist;
				LD_RUNPATH_SEARCH_PATHS = "$(inherited) @executable_path/Frameworks";
				PRODUCT_BUNDLE_IDENTIFIER = com.benqio.testprocess;
				PRODUCT_NAME = "$(TARGET_NAME)";
			};
			name = Debug;
		};
		448F310B1EDED3C600FD2F45 /* Release */ = {
			isa = XCBuildConfiguration;
			buildSettings = {
				ASSETCATALOG_COMPILER_APPICON_NAME = AppIcon;
				DEVELOPMENT_TEAM = 96Z39XL9KU;
				INFOPLIST_FILE = testprocess/Info.plist;
				LD_RUNPATH_SEARCH_PATHS = "$(inherited) @executable_path/Frameworks";
				PRODUCT_BUNDLE_IDENTIFIER = com.benqio.testprocess;
				PRODUCT_NAME = "$(TARGET_NAME)";
			};
			name = Release;
		};
/* End XCBuildConfiguration section */

/* Begin XCConfigurationList section */
		448F30ED1EDED3C600FD2F45 /* Build configuration list for PBXProject "testprocess" */ = {
			isa = XCConfigurationList;
			buildConfigurations = (
				448F31071EDED3C600FD2F45 /* Debug */,
				448F31081EDED3C600FD2F45 /* Release */,
			);
			defaultConfigurationIsVisible = 0;
			defaultConfigurationName = Release;
		};
		448F31091EDED3C600FD2F45 /* Build configuration list for PBXNativeTarget "testprocess" */ = {
			isa = XCConfigurationList;
			buildConfigurations = (
				448F310A1EDED3C600FD2F45 /* Debug */,
				448F310B1EDED3C600FD2F45 /* Release */,
			);
			defaultConfigurationIsVisible = 0;
			defaultConfigurationName = Release;
		};
/* End XCConfigurationList section */
	};
	rootObject = 448F30EA1EDED3C600FD2F45 /* Project object */;
}
