// !$*UTF8*$!
{
	archiveVersion = 1;
	classes = {
	};
	objectVersion = 46;
	objects = {

/* Begin PBXBuildFile section */
		448F312D1EE7D7BD00FD2F45 /* QTimeLine.h in Copy Files */ = {isa = PBXBuildFile; fileRef = 448F312C1EE7D7BD00FD2F45 /* QTimeLine.h */; };
		448F312F1EE7D7BD00FD2F45 /* QTimeLine.m in Sources */ = {isa = PBXBuildFile; fileRef = 448F312E1EE7D7BD00FD2F45 /* QTimeLine.m */; };
		448F313D1EE7D82700FD2F45 /* QTimeLineContent.m in Sources */ = {isa = PBXBuildFile; fileRef = 448F31361EE7D82700FD2F45 /* QTimeLineContent.m */; };
		448F313E1EE7D82700FD2F45 /* QTimeLineDate.m in Sources */ = {isa = PBXBuildFile; fileRef = 448F31381EE7D82700FD2F45 /* QTimeLineDate.m */; };
		448F313F1EE7D82700FD2F45 /* QTimeLineMask.m in Sources */ = {isa = PBXBuildFile; fileRef = 448F313A1EE7D82700FD2F45 /* QTimeLineMask.m */; };
		448F31401EE7D82700FD2F45 /* UIView+Extension.m in Sources */ = {isa = PBXBuildFile; fileRef = 448F313C1EE7D82700FD2F45 /* UIView+Extension.m */; };
/* End PBXBuildFile section */

/* Begin PBXCopyFilesBuildPhase section */
		448F31271EE7D7BD00FD2F45 /* Copy Files */ = {
			isa = PBXCopyFilesBuildPhase;
			buildActionMask = 2147483647;
			dstPath = "include/$(PRODUCT_NAME)";
			dstSubfolderSpec = 16;
			files = (
				448F312D1EE7D7BD00FD2F45 /* QTimeLine.h in Copy Files */,
			);
			name = "Copy Files";
			runOnlyForDeploymentPostprocessing = 0;
		};
/* End PBXCopyFilesBuildPhase section */

/* Begin PBXFileReference section */
		448F31291EE7D7BD00FD2F45 /* libQTimeLine.a */ = {isa = PBXFileReference; explicitFileType = archive.ar; includeInIndex = 0; path = libQTimeLine.a; sourceTree = BUILT_PRODUCTS_DIR; };
		448F312C1EE7D7BD00FD2F45 /* QTimeLine.h */ = {isa = PBXFileReference; lastKnownFileType = sourcecode.c.h; path = QTimeLine.h; sourceTree = "<group>"; };
		448F312E1EE7D7BD00FD2F45 /* QTimeLine.m */ = {isa = PBXFileReference; lastKnownFileType = sourcecode.c.objc; path = QTimeLine.m; sourceTree = "<group>"; };
		448F31351EE7D82700FD2F45 /* QTimeLineContent.h */ = {isa = PBXFileReference; fileEncoding = 4; lastKnownFileType = sourcecode.c.h; path = QTimeLineContent.h; sourceTree = "<group>"; };
		448F31361EE7D82700FD2F45 /* QTimeLineContent.m */ = {isa = PBXFileReference; fileEncoding = 4; lastKnownFileType = sourcecode.c.objc; path = QTimeLineContent.m; sourceTree = "<group>"; };
		448F31371EE7D82700FD2F45 /* QTimeLineDate.h */ = {isa = PBXFileReference; fileEncoding = 4; lastKnownFileType = sourcecode.c.h; path = QTimeLineDate.h; sourceTree = "<group>"; };
		448F31381EE7D82700FD2F45 /* QTimeLineDate.m */ = {isa = PBXFileReference; fileEncoding = 4; lastKnownFileType = sourcecode.c.objc; path = QTimeLineDate.m; sourceTree = "<group>"; };
		448F31391EE7D82700FD2F45 /* QTimeLineMask.h */ = {isa = PBXFileReference; fileEncoding = 4; lastKnownFileType = sourcecode.c.h; path = QTimeLineMask.h; sourceTree = "<group>"; };
		448F313A1EE7D82700FD2F45 /* QTimeLineMask.m */ = {isa = PBXFileReference; fileEncoding = 4; lastKnownFileType = sourcecode.c.objc; path = QTimeLineMask.m; sourceTree = "<group>"; };
		448F313B1EE7D82700FD2F45 /* UIView+Extension.h */ = {isa = PBXFileReference; fileEncoding = 4; lastKnownFileType = sourcecode.c.h; path = "UIView+Extension.h"; sourceTree = "<group>"; };
		448F313C1EE7D82700FD2F45 /* UIView+Extension.m */ = {isa = PBXFileReference; fileEncoding = 4; lastKnownFileType = sourcecode.c.objc; path = "UIView+Extension.m"; sourceTree = "<group>"; };
		448F92D51F8F689A0020C6C9 /* README.md */ = {isa = PBXFileReference; fileEncoding = 4; lastKnownFileType = net.daringfireball.markdown; path = README.md; sourceTree = SOURCE_ROOT; };
/* End PBXFileReference section */

/* Begin PBXFrameworksBuildPhase section */
		448F31261EE7D7BD00FD2F45 /* Frameworks */ = {
			isa = PBXFrameworksBuildPhase;
			buildActionMask = 2147483647;
			files = (
			);
			runOnlyForDeploymentPostprocessing = 0;
		};
/* End PBXFrameworksBuildPhase section */

/* Begin PBXGroup section */
		448F31201EE7D7BD00FD2F45 = {
			isa = PBXGroup;
			children = (
				448F312B1EE7D7BD00FD2F45 /* QTimeLine */,
				448F312A1EE7D7BD00FD2F45 /* Products */,
			);
			sourceTree = "<group>";
		};
		448F312A1EE7D7BD00FD2F45 /* Products */ = {
			isa = PBXGroup;
			children = (
				448F31291EE7D7BD00FD2F45 /* libQTimeLine.a */,
			);
			name = Products;
			sourceTree = "<group>";
		};
		448F312B1EE7D7BD00FD2F45 /* QTimeLine */ = {
			isa = PBXGroup;
			children = (
				448F92D51F8F689A0020C6C9 /* README.md */,
				448F31351EE7D82700FD2F45 /* QTimeLineContent.h */,
				448F31361EE7D82700FD2F45 /* QTimeLineContent.m */,
				448F31371EE7D82700FD2F45 /* QTimeLineDate.h */,
				448F31381EE7D82700FD2F45 /* QTimeLineDate.m */,
				448F31391EE7D82700FD2F45 /* QTimeLineMask.h */,
				448F313A1EE7D82700FD2F45 /* QTimeLineMask.m */,
				448F313B1EE7D82700FD2F45 /* UIView+Extension.h */,
				448F313C1EE7D82700FD2F45 /* UIView+Extension.m */,
				448F312C1EE7D7BD00FD2F45 /* QTimeLine.h */,
				448F312E1EE7D7BD00FD2F45 /* QTimeLine.m */,
			);
			path = QTimeLine;
			sourceTree = "<group>";
		};
/* End PBXGroup section */

/* Begin PBXNativeTarget section */
		448F31281EE7D7BD00FD2F45 /* QTimeLine */ = {
			isa = PBXNativeTarget;
			buildConfigurationList = 448F31321EE7D7BD00FD2F45 /* Build configuration list for PBXNativeTarget "QTimeLine" */;
			buildPhases = (
				448F31251EE7D7BD00FD2F45 /* Sources */,
				448F31261EE7D7BD00FD2F45 /* Frameworks */,
				448F31271EE7D7BD00FD2F45 /* Copy Files */,
			);
			buildRules = (
			);
			dependencies = (
			);
			name = QTimeLine;
			productName = QTimeLine;
			productReference = 448F31291EE7D7BD00FD2F45 /* libQTimeLine.a */;
			productType = "com.apple.product-type.library.static";
		};
/* End PBXNativeTarget section */

/* Begin PBXProject section */
		448F31211EE7D7BD00FD2F45 /* Project object */ = {
			isa = PBXProject;
			attributes = {
				LastUpgradeCheck = 0720;
				ORGANIZATIONNAME = Chin;
				TargetAttributes = {
					448F31281EE7D7BD00FD2F45 = {
						CreatedOnToolsVersion = 7.2;
					};
				};
			};
			buildConfigurationList = 448F31241EE7D7BD00FD2F45 /* Build configuration list for PBXProject "QTimeLine" */;
			compatibilityVersion = "Xcode 3.2";
			developmentRegion = English;
			hasScannedForEncodings = 0;
			knownRegions = (
				en,
			);
			mainGroup = 448F31201EE7D7BD00FD2F45;
			productRefGroup = 448F312A1EE7D7BD00FD2F45 /* Products */;
			projectDirPath = "";
			projectRoot = "";
			targets = (
				448F31281EE7D7BD00FD2F45 /* QTimeLine */,
			);
		};
/* End PBXProject section */

/* Begin PBXSourcesBuildPhase section */
		448F31251EE7D7BD00FD2F45 /* Sources */ = {
			isa = PBXSourcesBuildPhase;
			buildActionMask = 2147483647;
			files = (
				448F31401EE7D82700FD2F45 /* UIView+Extension.m in Sources */,
				448F313D1EE7D82700FD2F45 /* QTimeLineContent.m in Sources */,
				448F313E1EE7D82700FD2F45 /* QTimeLineDate.m in Sources */,
				448F313F1EE7D82700FD2F45 /* QTimeLineMask.m in Sources */,
				448F312F1EE7D7BD00FD2F45 /* QTimeLine.m in Sources */,
			);
			runOnlyForDeploymentPostprocessing = 0;
		};
/* End PBXSourcesBuildPhase section */

/* Begin XCBuildConfiguration section */
		448F31301EE7D7BD00FD2F45 /* Debug */ = {
			isa = XCBuildConfiguration;
			buildSettings = {
				ALWAYS_SEARCH_USER_PATHS = NO;
				CLANG_CXX_LANGUAGE_STANDARD = "gnu++0x";
				CLANG_CXX_LIBRARY = "libc++";
				CLANG_ENABLE_MODULES = YES;
				CLANG_ENABLE_OBJC_ARC = YES;
				CLANG_WARN_BOOL_CONVERSION = YES;
				CLANG_WARN_CONSTANT_CONVERSION = YES;
				CLANG_WARN_DIRECT_OBJC_ISA_USAGE = YES_ERROR;
				CLANG_WARN_EMPTY_BODY = YES;
				CLANG_WARN_ENUM_CONVERSION = YES;
				CLANG_WARN_INT_CONVERSION = YES;
				CLANG_WARN_OBJC_ROOT_CLASS = YES_ERROR;
				CLANG_WARN_UNREACHABLE_CODE = YES;
				CLANG_WARN__DUPLICATE_METHOD_MATCH = YES;
				"CODE_SIGN_IDENTITY[sdk=iphoneos*]" = "iPhone Developer";
				COPY_PHASE_STRIP = NO;
				DEBUG_INFORMATION_FORMAT = dwarf;
				ENABLE_STRICT_OBJC_MSGSEND = YES;
				ENABLE_TESTABILITY = YES;
				GCC_C_LANGUAGE_STANDARD = gnu99;
				GCC_DYNAMIC_NO_PIC = NO;
				GCC_NO_COMMON_BLOCKS = YES;
				GCC_OPTIMIZATION_LEVEL = 0;
				GCC_PREPROCESSOR_DEFINITIONS = (
					"DEBUG=1",
					"$(inherited)",
				);
				GCC_WARN_64_TO_32_BIT_CONVERSION = YES;
				GCC_WARN_ABOUT_RETURN_TYPE = YES_ERROR;
				GCC_WARN_UNDECLARED_SELECTOR = YES;
				GCC_WARN_UNINITIALIZED_AUTOS = YES_AGGRESSIVE;
				GCC_WARN_UNUSED_FUNCTION = YES;
				GCC_WARN_UNUSED_VARIABLE = YES;
				IPHONEOS_DEPLOYMENT_TARGET = 8.0;
				MTL_ENABLE_DEBUG_INFO = YES;
				ONLY_ACTIVE_ARCH = YES;
				SDKROOT = iphoneos;
			};
			name = Debug;
		};
		448F31311EE7D7BD00FD2F45 /* Release */ = {
			isa = XCBuildConfiguration;
			buildSettings = {
				ALWAYS_SEARCH_USER_PATHS = NO;
				CLANG_CXX_LANGUAGE_STANDARD = "gnu++0x";
				CLANG_CXX_LIBRARY = "libc++";
				CLANG_ENABLE_MODULES = YES;
				CLANG_ENABLE_OBJC_ARC = YES;
				CLANG_WARN_BOOL_CONVERSION = YES;
				CLANG_WARN_CONSTANT_CONVERSION = YES;
				CLANG_WARN_DIRECT_OBJC_ISA_USAGE = YES_ERROR;
				CLANG_WARN_EMPTY_BODY = YES;
				CLANG_WARN_ENUM_CONVERSION = YES;
				CLANG_WARN_INT_CONVERSION = YES;
				CLANG_WARN_OBJC_ROOT_CLASS = YES_ERROR;
				CLANG_WARN_UNREACHABLE_CODE = YES;
				CLANG_WARN__DUPLICATE_METHOD_MATCH = YES;
				"CODE_SIGN_IDENTITY[sdk=iphoneos*]" = "iPhone Developer";
				COPY_PHASE_STRIP = NO;
				DEBUG_INFORMATION_FORMAT = "dwarf-with-dsym";
				ENABLE_NS_ASSERTIONS = NO;
				ENABLE_STRICT_OBJC_MSGSEND = YES;
				GCC_C_LANGUAGE_STANDARD = gnu99;
				GCC_NO_COMMON_BLOCKS = YES;
				GCC_WARN_64_TO_32_BIT_CONVERSION = YES;
				GCC_WARN_ABOUT_RETURN_TYPE = YES_ERROR;
				GCC_WARN_UNDECLARED_SELECTOR = YES;
				GCC_WARN_UNINITIALIZED_AUTOS = YES_AGGRESSIVE;
				GCC_WARN_UNUSED_FUNCTION = YES;
				GCC_WARN_UNUSED_VARIABLE = YES;
				IPHONEOS_DEPLOYMENT_TARGET = 8.0;
				MTL_ENABLE_DEBUG_INFO = NO;
				SDKROOT = iphoneos;
				VALIDATE_PRODUCT = YES;
			};
			name = Release;
		};
		448F31331EE7D7BD00FD2F45 /* Debug */ = {
			isa = XCBuildConfiguration;
			buildSettings = {
				OTHER_LDFLAGS = "-ObjC";
				PRODUCT_NAME = "$(TARGET_NAME)";
				SKIP_INSTALL = YES;
			};
			name = Debug;
		};
		448F31341EE7D7BD00FD2F45 /* Release */ = {
			isa = XCBuildConfiguration;
			buildSettings = {
				OTHER_LDFLAGS = "-ObjC";
				PRODUCT_NAME = "$(TARGET_NAME)";
				SKIP_INSTALL = YES;
			};
			name = Release;
		};
/* End XCBuildConfiguration section */

/* Begin XCConfigurationList section */
		448F31241EE7D7BD00FD2F45 /* Build configuration list for PBXProject "QTimeLine" */ = {
			isa = XCConfigurationList;
			buildConfigurations = (
				448F31301EE7D7BD00FD2F45 /* Debug */,
				448F31311EE7D7BD00FD2F45 /* Release */,
			);
			defaultConfigurationIsVisible = 0;
			defaultConfigurationName = Release;
		};
		448F31321EE7D7BD00FD2F45 /* Build configuration list for PBXNativeTarget "QTimeLine" */ = {
			isa = XCConfigurationList;
			buildConfigurations = (
				448F31331EE7D7BD00FD2F45 /* Debug */,
				448F31341EE7D7BD00FD2F45 /* Release */,
			);
			defaultConfigurationIsVisible = 0;
			defaultConfigurationName = Release;
		};
/* End XCConfigurationList section */
	};
	rootObject = 448F31211EE7D7BD00FD2F45 /* Project object */;
}
